
Microsoft Visual Studio Solution File, Format Version 12.00
# Visual Studio Version 17
VisualStudioVersion = 17.14.36429.23 d17.14
MinimumVisualStudioVersion = 10.0.40219.1
Project("{FAE04EC0-301F-11D3-BF4B-00C04F79EFBC}") = "Assignment#1", "Assignment#1\Assignment#1.csproj", "{8C39380E-0FE8-4087-9C7F-B812A8020861}"
EndProject
Global
	GlobalSection(SolutionConfigurationPlatforms) = preSolution
		Debug|Any CPU = Debug|Any CPU
		Release|Any CPU = Release|Any CPU
	EndGlobalSection
	GlobalSection(ProjectConfigurationPlatforms) = postSolution
		{8C39380E-0FE8-4087-9C7F-B812A8020861}.Debug|Any CPU.ActiveCfg = Debug|Any CPU
		{8C39380E-0FE8-4087-9C7F-B812A8020861}.Debug|Any CPU.Build.0 = Debug|Any CPU
		{8C39380E-0FE8-4087-9C7F-B812A8020861}.Release|Any CPU.ActiveCfg = Release|Any CPU
		{8C39380E-0FE8-4087-9C7F-B812A8020861}.Release|Any CPU.Build.0 = Release|Any CPU
	EndGlobalSection
	GlobalSection(SolutionProperties) = preSolution
		HideSolutionNode = FALSE
	EndGlobalSection
	GlobalSection(ExtensibilityGlobals) = postSolution
		SolutionGuid = {4D2F5905-9119-4771-B9B6-CE3DA721D1C2}
	EndGlobalSection
EndGlobal
